
Microsoft Visual Studio Solution File, Format Version 12.00
# Visual Studio Version 18
VisualStudioVersion = 18.5.11723.231
MinimumVisualStudioVersion = 10.0.40219.1
Project("{FAE04EC0-301F-11D3-BF4B-00C04F79EFBC}") = "AutoCheck", "AutoCheck.csproj", "{EEB4824F-534A-90E1-A501-0546BBA1E1D2}"
EndProject
Project("{FAE04EC0-301F-11D3-BF4B-00C04F79EFBC}") = "AutoCheck.Tests", "AutoCheck.Tests\AutoCheck.Tests.csproj", "{40AFF2FB-A21A-4C84-87EA-70D6193B010D}"
EndProject
Global
	GlobalSection(SolutionConfigurationPlatforms) = preSolution
		Debug|Any CPU = Debug|Any CPU
		Debug|x64 = Debug|x64
		Debug|x86 = Debug|x86
		Release|Any CPU = Release|Any CPU
		Release|x64 = Release|x64
		Release|x86 = Release|x86
	EndGlobalSection
	GlobalSection(ProjectConfigurationPlatforms) = postSolution
		{EEB4824F-534A-90E1-A501-0546BBA1E1D2}.Debug|Any CPU.ActiveCfg = Debug|Any CPU
		{EEB4824F-534A-90E1-A501-0546BBA1E1D2}.Debug|Any CPU.Build.0 = Debug|Any CPU
		{EEB4824F-534A-90E1-A501-0546BBA1E1D2}.Debug|x64.ActiveCfg = Debug|Any CPU
		{EEB4824F-534A-90E1-A501-0546BBA1E1D2}.Debug|x64.Build.0 = Debug|Any CPU
		{EEB4824F-534A-90E1-A501-0546BBA1E1D2}.Debug|x86.ActiveCfg = Debug|Any CPU
		{EEB4824F-534A-90E1-A501-0546BBA1E1D2}.Debug|x86.Build.0 = Debug|Any CPU
		{EEB4824F-534A-90E1-A501-0546BBA1E1D2}.Release|Any CPU.ActiveCfg = Release|Any CPU
		{EEB4824F-534A-90E1-A501-0546BBA1E1D2}.Release|Any CPU.Build.0 = Release|Any CPU
		{EEB4824F-534A-90E1-A501-0546BBA1E1D2}.Release|x64.ActiveCfg = Release|Any CPU
		{EEB4824F-534A-90E1-A501-0546BBA1E1D2}.Release|x64.Build.0 = Release|Any CPU
		{EEB4824F-534A-90E1-A501-0546BBA1E1D2}.Release|x86.ActiveCfg = Release|Any CPU
		{EEB4824F-534A-90E1-A501-0546BBA1E1D2}.Release|x86.Build.0 = Release|Any CPU
		{40AFF2FB-A21A-4C84-87EA-70D6193B010D}.Debug|Any CPU.ActiveCfg = Debug|Any CPU
		{40AFF2FB-A21A-4C84-87EA-70D6193B010D}.Debug|Any CPU.Build.0 = Debug|Any CPU
		{40AFF2FB-A21A-4C84-87EA-70D6193B010D}.Debug|x64.ActiveCfg = Debug|Any CPU
		{40AFF2FB-A21A-4C84-87EA-70D6193B010D}.Debug|x64.Build.0 = Debug|Any CPU
		{40AFF2FB-A21A-4C84-87EA-70D6193B010D}.Debug|x86.ActiveCfg = Debug|Any CPU
		{40AFF2FB-A21A-4C84-87EA-70D6193B010D}.Debug|x86.Build.0 = Debug|Any CPU
		{40AFF2FB-A21A-4C84-87EA-70D6193B010D}.Release|Any CPU.ActiveCfg = Release|Any CPU
		{40AFF2FB-A21A-4C84-87EA-70D6193B010D}.Release|Any CPU.Build.0 = Release|Any CPU
		{40AFF2FB-A21A-4C84-87EA-70D6193B010D}.Release|x64.ActiveCfg = Release|Any CPU
		{40AFF2FB-A21A-4C84-87EA-70D6193B010D}.Release|x64.Build.0 = Release|Any CPU
		{40AFF2FB-A21A-4C84-87EA-70D6193B010D}.Release|x86.ActiveCfg = Release|Any CPU
		{40AFF2FB-A21A-4C84-87EA-70D6193B010D}.Release|x86.Build.0 = Release|Any CPU
	EndGlobalSection
	GlobalSection(SolutionProperties) = preSolution
		HideSolutionNode = FALSE
	EndGlobalSection
	GlobalSection(ExtensibilityGlobals) = postSolution
		SolutionGuid = {A1EA314D-7698-42B2-9A8E-DE7668CF6CA9}
	EndGlobalSection
EndGlobal
